
Microsoft Visual Studio Solution File, Format Version 12.00
# Visual Studio 14
VisualStudioVersion = 14.0.23107.0
MinimumVisualStudioVersion = 10.0.40219.1
Project("{FAE04EC0-301F-11D3-BF4B-00C04F79EFBC}") = "OnMessageConsoleSamples", "OnMessageConsoleSamples\OnMessageConsoleSamples.csproj", "{9D734A4A-FD56-4A52-970C-954667E79362}"
EndProject
Project("{2150E333-8FDC-42A3-9474-1A3956D46DE8}") = "Solution Items", "Solution Items", "{FADF49BD-A956-43E0-972E-6120857BDDD1}"
	ProjectSection(SolutionItems) = preProject
		..\..\..\USERS\CLEMENSV\APPDATA\LOCAL\MICROSOFT\VISUALSTUDIO\14.0\EXTENSIONS\NDUJAV4L.LQ3\description.html = ..\..\..\USERS\CLEMENSV\APPDATA\LOCAL\MICROSOFT\VISUALSTUDIO\14.0\EXTENSIONS\NDUJAV4L.LQ3\description.html
	EndProjectSection
EndProject
Global
	GlobalSection(SolutionConfigurationPlatforms) = preSolution
		Debug|Any CPU = Debug|Any CPU
		Release|Any CPU = Release|Any CPU
	EndGlobalSection
	GlobalSection(ProjectConfigurationPlatforms) = postSolution
		{9D734A4A-FD56-4A52-970C-954667E79362}.Debug|Any CPU.ActiveCfg = Debug|Any CPU
		{9D734A4A-FD56-4A52-970C-954667E79362}.Debug|Any CPU.Build.0 = Debug|Any CPU
		{9D734A4A-FD56-4A52-970C-954667E79362}.Release|Any CPU.ActiveCfg = Release|Any CPU
		{9D734A4A-FD56-4A52-970C-954667E79362}.Release|Any CPU.Build.0 = Release|Any CPU
	EndGlobalSection
	GlobalSection(SolutionProperties) = preSolution
		HideSolutionNode = FALSE
	EndGlobalSection
EndGlobal
