
Microsoft Visual Studio Solution File, Format Version 12.00
# Visual Studio 14
VisualStudioVersion = 14.0.23107.0
MinimumVisualStudioVersion = 10.0.40219.1
Project("{FAE04EC0-301F-11D3-BF4B-00C04F79EFBC}") = "BrowseMessages", "BrowseMessages.csproj", "{6F80E31F-2F53-4176-8654-33BCCD06D155}"
EndProject
Project("{2150E333-8FDC-42A3-9474-1A3956D46DE8}") = "Solution Items", "Solution Items", "{9F2FA33C-29ED-48FA-A8B0-7B212EDDBEF6}"
	ProjectSection(SolutionItems) = preProject
		..\..\..\USERS\CLEMENSV\APPDATA\LOCAL\MICROSOFT\VISUALSTUDIO\14.0\EXTENSIONS\ONRQEXVJ.1MG\description.html = ..\..\..\USERS\CLEMENSV\APPDATA\LOCAL\MICROSOFT\VISUALSTUDIO\14.0\EXTENSIONS\ONRQEXVJ.1MG\description.html
	EndProjectSection
EndProject
Global
	GlobalSection(SolutionConfigurationPlatforms) = preSolution
		Debug|Any CPU = Debug|Any CPU
		Release|Any CPU = Release|Any CPU
	EndGlobalSection
	GlobalSection(ProjectConfigurationPlatforms) = postSolution
		{6F80E31F-2F53-4176-8654-33BCCD06D155}.Debug|Any CPU.ActiveCfg = Debug|Any CPU
		{6F80E31F-2F53-4176-8654-33BCCD06D155}.Debug|Any CPU.Build.0 = Debug|Any CPU
		{6F80E31F-2F53-4176-8654-33BCCD06D155}.Release|Any CPU.ActiveCfg = Release|Any CPU
		{6F80E31F-2F53-4176-8654-33BCCD06D155}.Release|Any CPU.Build.0 = Release|Any CPU
	EndGlobalSection
	GlobalSection(SolutionProperties) = preSolution
		HideSolutionNode = FALSE
	EndGlobalSection
EndGlobal
